
Microsoft Visual Studio Solution File, Format Version 12.00
# Visual Studio Version 17
VisualStudioVersion = 17.5.33516.290
MinimumVisualStudioVersion = 10.0.40219.1
Project("{FAE04EC0-301F-11D3-BF4B-00C04F79EFBC}") = "HG-ServerUI", "HG-ServerUI\HG-ServerUI.csproj", "{ADFE1BAB-6908-4579-A346-3F415B8F26D4}"
EndProject
Global
	GlobalSection(SolutionConfigurationPlatforms) = preSolution
		Debug|Any CPU = Debug|Any CPU
		Release|Any CPU = Release|Any CPU
	EndGlobalSection
	GlobalSection(ProjectConfigurationPlatforms) = postSolution
		{ADFE1BAB-6908-4579-A346-3F415B8F26D4}.Debug|Any CPU.ActiveCfg = Debug|Any CPU
		{ADFE1BAB-6908-4579-A346-3F415B8F26D4}.Debug|Any CPU.Build.0 = Debug|Any CPU
		{ADFE1BAB-6908-4579-A346-3F415B8F26D4}.Release|Any CPU.ActiveCfg = Release|Any CPU
		{ADFE1BAB-6908-4579-A346-3F415B8F26D4}.Release|Any CPU.Build.0 = Release|Any CPU
	EndGlobalSection
	GlobalSection(SolutionProperties) = preSolution
		HideSolutionNode = FALSE
	EndGlobalSection
	GlobalSection(ExtensibilityGlobals) = postSolution
		SolutionGuid = {323A4374-C5EA-420C-B50D-B046971628F6}
	EndGlobalSection
EndGlobal
