
Microsoft Visual Studio Solution File, Format Version 12.00
# Visual Studio Version 17
VisualStudioVersion = 17.5.33516.290
MinimumVisualStudioVersion = 10.0.40219.1
Project("{9A19103F-16F7-4668-BE54-9A1E7A4F7556}") = "HG-ServerUI", "HG-ServerUI\HG-ServerUI.csproj", "{ADFE1BAB-6908-4579-A346-3F415B8F26D4}"
EndProject
Project("{2150E333-8FDC-42A3-9474-1A3956D46DE8}") = "Solution Items", "Solution Items", "{7508E9E4-9A9A-4C6A-A787-394B5A3AE245}"
	ProjectSection(SolutionItems) = preProject
		.editorconfig = .editorconfig
	EndProjectSection
EndProject
Global
	GlobalSection(SolutionConfigurationPlatforms) = preSolution
		Debug|Any CPU = Debug|Any CPU
		Release|Any CPU = Release|Any CPU
	EndGlobalSection
	GlobalSection(ProjectConfigurationPlatforms) = postSolution
		{ADFE1BAB-6908-4579-A346-3F415B8F26D4}.Debug|Any CPU.ActiveCfg = Debug|Any CPU
		{ADFE1BAB-6908-4579-A346-3F415B8F26D4}.Debug|Any CPU.Build.0 = Debug|Any CPU
		{ADFE1BAB-6908-4579-A346-3F415B8F26D4}.Release|Any CPU.ActiveCfg = Release|Any CPU
		{ADFE1BAB-6908-4579-A346-3F415B8F26D4}.Release|Any CPU.Build.0 = Release|Any CPU
	EndGlobalSection
	GlobalSection(SolutionProperties) = preSolution
		HideSolutionNode = FALSE
	EndGlobalSection
	GlobalSection(ExtensibilityGlobals) = postSolution
		SolutionGuid = {323A4374-C5EA-420C-B50D-B046971628F6}
	EndGlobalSection
EndGlobal
